{
  "name": "cc-issuance-encoder",
  "version": "1.2.0",
  "lockfileVersion": 1,
  "requires": true,
  "dependencies": {
    "cc-payment-encoder": {
      "version": "1.0.1",
      "resolved": "https://registry.npmjs.org/cc-payment-encoder/-/cc-payment-encoder-1.0.1.tgz",
      "integrity": "sha1-4pHFuFqylssa/c81zmtnH5EwCFM=",
      "requires": {
        "sffc-encoder": "^0.1.9"
      }
    },
    "sffc-encoder": {
      "version": "0.1.12",
      "resolved": "https://registry.npmjs.org/sffc-encoder/-/sffc-encoder-0.1.12.tgz",
      "integrity": "sha1-RXanuwJ5H1/EyUwnbTa8gDp93LM="
    }
  }
}
