{
  "name": "cc-transaction",
  "version": "1.2.1",
  "lockfileVersion": 1,
  "requires": true,
  "dependencies": {
    "cc-burn-payment-encoder": {
      "version": "1.0.1",
      "resolved": "https://registry.npmjs.org/cc-burn-payment-encoder/-/cc-burn-payment-encoder-1.0.1.tgz",
      "integrity": "sha1-fiOMAiFs6f86VAK2l1BWwG4qqwQ=",
      "requires": {
        "cc-payment-encoder": "^1.0.0",
        "clone": "^2.0.0"
      }
    },
    "cc-issuance-encoder": {
      "version": "1.1.1",
      "resolved": "https://registry.npmjs.org/cc-issuance-encoder/-/cc-issuance-encoder-1.1.1.tgz",
      "integrity": "sha1-PgDHDWF2vl0zyD81MkzEdn+wU1U=",
      "requires": {
        "cc-payment-encoder": "^1.0.0",
        "sffc-encoder": "^0.1.9"
      }
    },
    "cc-payment-encoder": {
      "version": "1.0.1",
      "resolved": "https://registry.npmjs.org/cc-payment-encoder/-/cc-payment-encoder-1.0.1.tgz",
      "integrity": "sha1-4pHFuFqylssa/c81zmtnH5EwCFM=",
      "requires": {
        "sffc-encoder": "^0.1.9"
      }
    },
    "cc-transfer-encoder": {
      "version": "1.1.2",
      "resolved": "https://registry.npmjs.org/cc-transfer-encoder/-/cc-transfer-encoder-1.1.2.tgz",
      "integrity": "sha1-5G0PPss8ZyJxQkgpeSCscXZdmTA=",
      "requires": {
        "cc-burn-payment-encoder": "^1.0.0",
        "cc-payment-encoder": "^1.0.0"
      }
    },
    "clone": {
      "version": "2.1.2",
      "resolved": "https://registry.npmjs.org/clone/-/clone-2.1.2.tgz",
      "integrity": "sha1-G39Ln1kfHo+DZwQBYANFoCiHQ18="
    },
    "sffc-encoder": {
      "version": "0.1.12",
      "resolved": "https://registry.npmjs.org/sffc-encoder/-/sffc-encoder-0.1.12.tgz",
      "integrity": "sha1-RXanuwJ5H1/EyUwnbTa8gDp93LM="
    }
  }
}
